
Microsoft Visual Studio Solution File, Format Version 12.00
# Visual Studio Version 17
VisualStudioVersion = 17.2.32616.157
MinimumVisualStudioVersion = 10.0.40219.1
Project("{9A19103F-16F7-4668-BE54-9A1E7A4F7556}") = "alxnaccessories", "alxnaccessories.csproj", "{D1F5976D-CBD4-41BF-88F7-7AA0ABCE1CA4}"
EndProject
Global
	GlobalSection(SolutionConfigurationPlatforms) = preSolution
		Debug|Any CPU = Debug|Any CPU
		Release|Any CPU = Release|Any CPU
	EndGlobalSection
	GlobalSection(ProjectConfigurationPlatforms) = postSolution
		{D1F5976D-CBD4-41BF-88F7-7AA0ABCE1CA4}.Debug|Any CPU.ActiveCfg = Debug|Any CPU
		{D1F5976D-CBD4-41BF-88F7-7AA0ABCE1CA4}.Debug|Any CPU.Build.0 = Debug|Any CPU
		{D1F5976D-CBD4-41BF-88F7-7AA0ABCE1CA4}.Release|Any CPU.ActiveCfg = Release|Any CPU
		{D1F5976D-CBD4-41BF-88F7-7AA0ABCE1CA4}.Release|Any CPU.Build.0 = Release|Any CPU
	EndGlobalSection
	GlobalSection(SolutionProperties) = preSolution
		HideSolutionNode = FALSE
	EndGlobalSection
	GlobalSection(ExtensibilityGlobals) = postSolution
		SolutionGuid = {C249C422-F30A-4B80-A1AC-65D9555E14E7}
	EndGlobalSection
EndGlobal
